{
  "name": "async",
  "version": "1.0.0",
  "lockfileVersion": 3,
  "requires": true,
  "packages": {
    "": {
      "name": "async",
      "version": "1.0.0",
      "license": "ISC",
      "dependencies": {
        "random": "^5.4.0"
      }
    },
    "node_modules/random": {
      "version": "5.4.0",
      "resolved": "https://registry.npmjs.org/random/-/random-5.4.0.tgz",
      "integrity": "sha512-Y147ufdzRqcQuBpKkoW7N3+B/SW4X6pF3ZfsNy+bF1r3i/I+j2zobnCp+9vN1nIJDjObI/174PCySTa3FECynQ==",
      "license": "MIT",
      "engines": {
        "node": ">=18"
      }
    }
  }
}
